
Microsoft Visual Studio Solution File, Format Version 12.00
# Visual Studio Version 17
VisualStudioVersion = 17.0.31611.283
MinimumVisualStudioVersion = 10.0.40219.1
Project("{9A19103F-16F7-4668-BE54-9A1E7A4F7556}") = "PlannerPig.Maui", "PlannerPig.Maui\PlannerPig.Maui.csproj", "{DA291E34-0868-4B5E-B618-D3C21C6961A1}"
EndProject
Project("{FAE04EC0-301F-11D3-BF4B-00C04F79EFBC}") = "PlannerPig.Domain", "PlannerPig.Domain\PlannerPig.Domain.csproj", "{3627B0F5-71A4-4479-AB8F-D1D5326402D0}"
EndProject
Project("{FAE04EC0-301F-11D3-BF4B-00C04F79EFBC}") = "PlannerPig.Language", "PlannerPig.Language\PlannerPig.Language.csproj", "{374CC05E-5129-4965-A099-380864ECEB9C}"
EndProject
Global
	GlobalSection(SolutionConfigurationPlatforms) = preSolution
		Debug|Any CPU = Debug|Any CPU
		Release|Any CPU = Release|Any CPU
	EndGlobalSection
	GlobalSection(ProjectConfigurationPlatforms) = postSolution
		{DA291E34-0868-4B5E-B618-D3C21C6961A1}.Debug|Any CPU.ActiveCfg = Debug|Any CPU
		{DA291E34-0868-4B5E-B618-D3C21C6961A1}.Debug|Any CPU.Build.0 = Debug|Any CPU
		{DA291E34-0868-4B5E-B618-D3C21C6961A1}.Debug|Any CPU.Deploy.0 = Debug|Any CPU
		{DA291E34-0868-4B5E-B618-D3C21C6961A1}.Release|Any CPU.ActiveCfg = Release|Any CPU
		{DA291E34-0868-4B5E-B618-D3C21C6961A1}.Release|Any CPU.Build.0 = Release|Any CPU
		{DA291E34-0868-4B5E-B618-D3C21C6961A1}.Release|Any CPU.Deploy.0 = Release|Any CPU
		{3627B0F5-71A4-4479-AB8F-D1D5326402D0}.Debug|Any CPU.ActiveCfg = Debug|Any CPU
		{3627B0F5-71A4-4479-AB8F-D1D5326402D0}.Debug|Any CPU.Build.0 = Debug|Any CPU
		{3627B0F5-71A4-4479-AB8F-D1D5326402D0}.Release|Any CPU.ActiveCfg = Release|Any CPU
		{3627B0F5-71A4-4479-AB8F-D1D5326402D0}.Release|Any CPU.Build.0 = Release|Any CPU
		{374CC05E-5129-4965-A099-380864ECEB9C}.Debug|Any CPU.ActiveCfg = Debug|Any CPU
		{374CC05E-5129-4965-A099-380864ECEB9C}.Debug|Any CPU.Build.0 = Debug|Any CPU
		{374CC05E-5129-4965-A099-380864ECEB9C}.Release|Any CPU.ActiveCfg = Release|Any CPU
		{374CC05E-5129-4965-A099-380864ECEB9C}.Release|Any CPU.Build.0 = Release|Any CPU
	EndGlobalSection
	GlobalSection(SolutionProperties) = preSolution
		HideSolutionNode = FALSE
	EndGlobalSection
	GlobalSection(ExtensibilityGlobals) = postSolution
		SolutionGuid = {61F7FB11-1E47-470C-91E2-47F8143E1572}
	EndGlobalSection
EndGlobal
